hash: d4ccc53535b4123b36b95036e261606d4d980f774b647a04ca73f395660dcf99
updated: 2017-11-15T15:41:14.457196577+11:00
imports:
- name: github.com/google/gopacket
  version: 11c65f1ca9081dfea43b4f9643f5c155583b73ba
  subpackages:
  - layers
  - pcap
- name: github.com/patrickmn/go-cache
  version: a3647f8e31d79543b2d0f0ae2fe5c379d72cedc0
- name: github.com/pkg/errors
  version: 645ef00459ed84a119197bfb8d8205042c6df63d
testImports: []
